// !$*UTF8*$!
{
	archiveVersion = 1;
	classes = {
	};
	objectVersion = 52;
	objects = {

/* Begin PBXBuildFile section */
		A01A75FD24BD27B200D4C493 /* Media.swift in Sources */ = {isa = PBXBuildFile; fileRef = A01A75FC24BD27B200D4C493 /* Media.swift */; };
		A023BA6D24C372B700F8B41F /* TopMediaData.swift in Sources */ = {isa = PBXBuildFile; fileRef = A023BA6C24C372B700F8B41F /* TopMediaData.swift */; };
		A02A122724BD1C2F005FB2AE /* query.graphql in Resources */ = {isa = PBXBuildFile; fileRef = A02A122624BD1C2F005FB2AE /* query.graphql */; };
		A02A122A24BD2129005FB2AE /* API.swift in Sources */ = {isa = PBXBuildFile; fileRef = A02A122924BD2129005FB2AE /* API.swift */; };
		A02A122C24BD235E005FB2AE /* Network.swift in Sources */ = {isa = PBXBuildFile; fileRef = A02A122B24BD235E005FB2AE /* Network.swift */; };
		A068B3F124C3624700377899 /* MediaData.swift in Sources */ = {isa = PBXBuildFile; fileRef = A068B3F024C3624700377899 /* MediaData.swift */; };
		A068B3F424C3632200377899 /* MediaView.swift in Sources */ = {isa = PBXBuildFile; fileRef = A068B3F324C3632200377899 /* MediaView.swift */; };
		A08DF3A924BE802E007B01DF /* ImageView.swift in Sources */ = {isa = PBXBuildFile; fileRef = A08DF3A824BE802E007B01DF /* ImageView.swift */; };
		A0A3153A24BB9136003CE231 /* AniListApp.swift in Sources */ = {isa = PBXBuildFile; fileRef = A0A3153924BB9136003CE231 /* AniListApp.swift */; };
		A0A3153C24BB9136003CE231 /* ContentView.swift in Sources */ = {isa = PBXBuildFile; fileRef = A0A3153B24BB9136003CE231 /* ContentView.swift */; };
		A0A3153E24BB9138003CE231 /* Assets.xcassets in Resources */ = {isa = PBXBuildFile; fileRef = A0A3153D24BB9138003CE231 /* Assets.xcassets */; };
		A0A3154124BB9138003CE231 /* Preview Assets.xcassets in Resources */ = {isa = PBXBuildFile; fileRef = A0A3154024BB9138003CE231 /* Preview Assets.xcassets */; };
		A0A3154A24BB92F7003CE231 /* ApolloCodegenLib in Frameworks */ = {isa = PBXBuildFile; productRef = A0A3154924BB92F7003CE231 /* ApolloCodegenLib */; };
		A0A3154C24BB92F7003CE231 /* ApolloWebSocket in Frameworks */ = {isa = PBXBuildFile; productRef = A0A3154B24BB92F7003CE231 /* ApolloWebSocket */; };
		A0A3154E24BB92F7003CE231 /* Apollo in Frameworks */ = {isa = PBXBuildFile; productRef = A0A3154D24BB92F7003CE231 /* Apollo */; };
		A0A3155024BB92F7003CE231 /* ApolloCore in Frameworks */ = {isa = PBXBuildFile; productRef = A0A3154F24BB92F7003CE231 /* ApolloCore */; };
		A0A3155424BB93FE003CE231 /* schema.json in Resources */ = {isa = PBXBuildFile; fileRef = A0A3155324BB93FE003CE231 /* schema.json */; };
		A0A3155724BBC583003CE231 /* TrendingView.swift in Sources */ = {isa = PBXBuildFile; fileRef = A0A3155624BBC583003CE231 /* TrendingView.swift */; };
/* End PBXBuildFile section */

/* Begin PBXFileReference section */
		A01A75FC24BD27B200D4C493 /* Media.swift */ = {isa = PBXFileReference; lastKnownFileType = sourcecode.swift; path = Media.swift; sourceTree = "<group>"; };
		A023BA6C24C372B700F8B41F /* TopMediaData.swift */ = {isa = PBXFileReference; lastKnownFileType = sourcecode.swift; path = TopMediaData.swift; sourceTree = "<group>"; };
		A02A122624BD1C2F005FB2AE /* query.graphql */ = {isa = PBXFileReference; lastKnownFileType = text; path = query.graphql; sourceTree = "<group>"; };
		A02A122924BD2129005FB2AE /* API.swift */ = {isa = PBXFileReference; fileEncoding = 4; lastKnownFileType = sourcecode.swift; path = API.swift; sourceTree = "<group>"; };
		A02A122B24BD235E005FB2AE /* Network.swift */ = {isa = PBXFileReference; lastKnownFileType = sourcecode.swift; path = Network.swift; sourceTree = "<group>"; };
		A068B3F024C3624700377899 /* MediaData.swift */ = {isa = PBXFileReference; lastKnownFileType = sourcecode.swift; path = MediaData.swift; sourceTree = "<group>"; };
		A068B3F324C3632200377899 /* MediaView.swift */ = {isa = PBXFileReference; lastKnownFileType = sourcecode.swift; path = MediaView.swift; sourceTree = "<group>"; };
		A08DF3A824BE802E007B01DF /* ImageView.swift */ = {isa = PBXFileReference; lastKnownFileType = sourcecode.swift; path = ImageView.swift; sourceTree = "<group>"; };
		A0A3153624BB9136003CE231 /* AniList.app */ = {isa = PBXFileReference; explicitFileType = wrapper.application; includeInIndex = 0; path = AniList.app; sourceTree = BUILT_PRODUCTS_DIR; };
		A0A3153924BB9136003CE231 /* AniListApp.swift */ = {isa = PBXFileReference; lastKnownFileType = sourcecode.swift; path = AniListApp.swift; sourceTree = "<group>"; };
		A0A3153B24BB9136003CE231 /* ContentView.swift */ = {isa = PBXFileReference; lastKnownFileType = sourcecode.swift; path = ContentView.swift; sourceTree = "<group>"; };
		A0A3153D24BB9138003CE231 /* Assets.xcassets */ = {isa = PBXFileReference; lastKnownFileType = folder.assetcatalog; path = Assets.xcassets; sourceTree = "<group>"; };
		A0A3154024BB9138003CE231 /* Preview Assets.xcassets */ = {isa = PBXFileReference; lastKnownFileType = folder.assetcatalog; path = "Preview Assets.xcassets"; sourceTree = "<group>"; };
		A0A3154224BB9138003CE231 /* Info.plist */ = {isa = PBXFileReference; lastKnownFileType = text.plist.xml; path = Info.plist; sourceTree = "<group>"; };
		A0A3155324BB93FE003CE231 /* schema.json */ = {isa = PBXFileReference; fileEncoding = 4; lastKnownFileType = text.json; path = schema.json; sourceTree = "<group>"; };
		A0A3155624BBC583003CE231 /* TrendingView.swift */ = {isa = PBXFileReference; lastKnownFileType = sourcecode.swift; path = TrendingView.swift; sourceTree = "<group>"; };
/* End PBXFileReference section */

/* Begin PBXFrameworksBuildPhase section */
		A0A3153324BB9136003CE231 /* Frameworks */ = {
			isa = PBXFrameworksBuildPhase;
			buildActionMask = 2147483647;
			files = (
				A0A3154A24BB92F7003CE231 /* ApolloCodegenLib in Frameworks */,
				A0A3154E24BB92F7003CE231 /* Apollo in Frameworks */,
				A0A3155024BB92F7003CE231 /* ApolloCore in Frameworks */,
				A0A3154C24BB92F7003CE231 /* ApolloWebSocket in Frameworks */,
			);
			runOnlyForDeploymentPostprocessing = 0;
		};
/* End PBXFrameworksBuildPhase section */

/* Begin PBXGroup section */
		A023BA6E24C375B300F8B41F /* Model */ = {
			isa = PBXGroup;
			children = (
				A01A75FC24BD27B200D4C493 /* Media.swift */,
			);
			path = Model;
			sourceTree = "<group>";
		};
		A02A122524BD1C15005FB2AE /* Queries */ = {
			isa = PBXGroup;
			children = (
			);
			path = Queries;
			sourceTree = "<group>";
		};
		A068B3EF24C3623600377899 /* ViewModel */ = {
			isa = PBXGroup;
			children = (
				A068B3F024C3624700377899 /* MediaData.swift */,
				A023BA6C24C372B700F8B41F /* TopMediaData.swift */,
			);
			path = ViewModel;
			sourceTree = "<group>";
		};
		A068B3F224C362DC00377899 /* Components */ = {
			isa = PBXGroup;
			children = (
				A08DF3A824BE802E007B01DF /* ImageView.swift */,
				A068B3F324C3632200377899 /* MediaView.swift */,
			);
			path = Components;
			sourceTree = "<group>";
		};
		A0A3152D24BB9136003CE231 = {
			isa = PBXGroup;
			children = (
				A0A3153824BB9136003CE231 /* AniList */,
				A0A3153724BB9136003CE231 /* Products */,
			);
			sourceTree = "<group>";
		};
		A0A3153724BB9136003CE231 /* Products */ = {
			isa = PBXGroup;
			children = (
				A0A3153624BB9136003CE231 /* AniList.app */,
			);
			name = Products;
			sourceTree = "<group>";
		};
		A0A3153824BB9136003CE231 /* AniList */ = {
			isa = PBXGroup;
			children = (
				A023BA6E24C375B300F8B41F /* Model */,
				A068B3EF24C3623600377899 /* ViewModel */,
				A02A122924BD2129005FB2AE /* API.swift */,
				A02A122624BD1C2F005FB2AE /* query.graphql */,
				A02A122524BD1C15005FB2AE /* Queries */,
				A0A3155524BBC572003CE231 /* Views */,
				A0A3153924BB9136003CE231 /* AniListApp.swift */,
				A0A3153D24BB9138003CE231 /* Assets.xcassets */,
				A0A3154224BB9138003CE231 /* Info.plist */,
				A0A3155324BB93FE003CE231 /* schema.json */,
				A0A3153F24BB9138003CE231 /* Preview Content */,
				A02A122B24BD235E005FB2AE /* Network.swift */,
			);
			path = AniList;
			sourceTree = "<group>";
		};
		A0A3153F24BB9138003CE231 /* Preview Content */ = {
			isa = PBXGroup;
			children = (
				A0A3154024BB9138003CE231 /* Preview Assets.xcassets */,
			);
			path = "Preview Content";
			sourceTree = "<group>";
		};
		A0A3155524BBC572003CE231 /* Views */ = {
			isa = PBXGroup;
			children = (
				A068B3F224C362DC00377899 /* Components */,
				A0A3153B24BB9136003CE231 /* ContentView.swift */,
				A0A3155624BBC583003CE231 /* TrendingView.swift */,
			);
			path = Views;
			sourceTree = "<group>";
		};
/* End PBXGroup section */

/* Begin PBXNativeTarget section */
		A0A3153524BB9136003CE231 /* AniList */ = {
			isa = PBXNativeTarget;
			buildConfigurationList = A0A3154524BB9138003CE231 /* Build configuration list for PBXNativeTarget "AniList" */;
			buildPhases = (
				A02A122824BD1CB6005FB2AE /* Generate Apollo GraphQL */,
				A0A3153224BB9136003CE231 /* Sources */,
				A0A3153324BB9136003CE231 /* Frameworks */,
				A0A3153424BB9136003CE231 /* Resources */,
			);
			buildRules = (
			);
			dependencies = (
			);
			name = AniList;
			packageProductDependencies = (
				A0A3154924BB92F7003CE231 /* ApolloCodegenLib */,
				A0A3154B24BB92F7003CE231 /* ApolloWebSocket */,
				A0A3154D24BB92F7003CE231 /* Apollo */,
				A0A3154F24BB92F7003CE231 /* ApolloCore */,
			);
			productName = AniList;
			productReference = A0A3153624BB9136003CE231 /* AniList.app */;
			productType = "com.apple.product-type.application";
		};
/* End PBXNativeTarget section */

/* Begin PBXProject section */
		A0A3152E24BB9136003CE231 /* Project object */ = {
			isa = PBXProject;
			attributes = {
				LastSwiftUpdateCheck = 1200;
				LastUpgradeCheck = 1200;
				TargetAttributes = {
					A0A3153524BB9136003CE231 = {
						CreatedOnToolsVersion = 12.0;
					};
				};
			};
			buildConfigurationList = A0A3153124BB9136003CE231 /* Build configuration list for PBXProject "AniList" */;
			compatibilityVersion = "Xcode 9.3";
			developmentRegion = en;
			hasScannedForEncodings = 0;
			knownRegions = (
				en,
				Base,
			);
			mainGroup = A0A3152D24BB9136003CE231;
			packageReferences = (
				A0A3154824BB92F7003CE231 /* XCRemoteSwiftPackageReference "apollo-ios" */,
			);
			productRefGroup = A0A3153724BB9136003CE231 /* Products */;
			projectDirPath = "";
			projectRoot = "";
			targets = (
				A0A3153524BB9136003CE231 /* AniList */,
			);
		};
/* End PBXProject section */

/* Begin PBXResourcesBuildPhase section */
		A0A3153424BB9136003CE231 /* Resources */ = {
			isa = PBXResourcesBuildPhase;
			buildActionMask = 2147483647;
			files = (
				A02A122724BD1C2F005FB2AE /* query.graphql in Resources */,
				A0A3154124BB9138003CE231 /* Preview Assets.xcassets in Resources */,
				A0A3155424BB93FE003CE231 /* schema.json in Resources */,
				A0A3153E24BB9138003CE231 /* Assets.xcassets in Resources */,
			);
			runOnlyForDeploymentPostprocessing = 0;
		};
/* End PBXResourcesBuildPhase section */

/* Begin PBXShellScriptBuildPhase section */
		A02A122824BD1CB6005FB2AE /* Generate Apollo GraphQL */ = {
			isa = PBXShellScriptBuildPhase;
			buildActionMask = 2147483647;
			files = (
			);
			inputFileListPaths = (
			);
			inputPaths = (
			);
			name = "Generate Apollo GraphQL";
			outputFileListPaths = (
			);
			outputPaths = (
			);
			runOnlyForDeploymentPostprocessing = 0;
			shellPath = /bin/sh;
			shellScript = "# Type a script or drag a script file from your workspace to insert its path.\n# Go to the build root and search up the chain to find the Derived Data Path where the source packages are checked out.\nDERIVED_DATA_CANDIDATE=\"${BUILD_ROOT}\"\n\nwhile ! [ -d \"${DERIVED_DATA_CANDIDATE}/SourcePackages\" ]; do\n  if [ \"${DERIVED_DATA_CANDIDATE}\" = / ]; then\n    echo >&2 \"error: Unable to locate SourcePackages directory from BUILD_ROOT: '${BUILD_ROOT}'\"\n    exit 1\n  fi\n\n  DERIVED_DATA_CANDIDATE=\"$(dirname \"${DERIVED_DATA_CANDIDATE}\")\"\ndone\n\n# Grab a reference to the directory where scripts are checked out\nSCRIPT_PATH=\"${DERIVED_DATA_CANDIDATE}/SourcePackages/checkouts/apollo-ios/scripts\"\n\nif [ -z \"${SCRIPT_PATH}\" ]; then\n    echo >&2 \"error: Couldn't find the CLI script in your checked out SPM packages; make sure to add the framework to your project.\"\n    exit 1\nfi\n\ncd \"${SRCROOT}/${TARGET_NAME}\"\n\"${SCRIPT_PATH}\"/run-bundled-codegen.sh codegen:generate --target=swift --includes=./**/*.graphql --localSchemaFile=\"schema.json\" API.swift\n";
		};
/* End PBXShellScriptBuildPhase section */

/* Begin PBXSourcesBuildPhase section */
		A0A3153224BB9136003CE231 /* Sources */ = {
			isa = PBXSourcesBuildPhase;
			buildActionMask = 2147483647;
			files = (
				A02A122C24BD235E005FB2AE /* Network.swift in Sources */,
				A0A3155724BBC583003CE231 /* TrendingView.swift in Sources */,
				A068B3F124C3624700377899 /* MediaData.swift in Sources */,
				A01A75FD24BD27B200D4C493 /* Media.swift in Sources */,
				A023BA6D24C372B700F8B41F /* TopMediaData.swift in Sources */,
				A0A3153C24BB9136003CE231 /* ContentView.swift in Sources */,
				A02A122A24BD2129005FB2AE /* API.swift in Sources */,
				A08DF3A924BE802E007B01DF /* ImageView.swift in Sources */,
				A0A3153A24BB9136003CE231 /* AniListApp.swift in Sources */,
				A068B3F424C3632200377899 /* MediaView.swift in Sources */,
			);
			runOnlyForDeploymentPostprocessing = 0;
		};
/* End PBXSourcesBuildPhase section */

/* Begin XCBuildConfiguration section */
		A0A3154324BB9138003CE231 /* Debug */ = {
			isa = XCBuildConfiguration;
			buildSettings = {
				ALWAYS_SEARCH_USER_PATHS = NO;
				CLANG_ANALYZER_NONNULL = YES;
				CLANG_ANALYZER_NUMBER_OBJECT_CONVERSION = YES_AGGRESSIVE;
				CLANG_CXX_LANGUAGE_STANDARD = "gnu++14";
				CLANG_CXX_LIBRARY = "libc++";
				CLANG_ENABLE_MODULES = YES;
				CLANG_ENABLE_OBJC_ARC = YES;
				CLANG_ENABLE_OBJC_WEAK = YES;
				CLANG_WARN_BLOCK_CAPTURE_AUTORELEASING = YES;
				CLANG_WARN_BOOL_CONVERSION = YES;
				CLANG_WARN_COMMA = YES;
				CLANG_WARN_CONSTANT_CONVERSION = YES;
				CLANG_WARN_DEPRECATED_OBJC_IMPLEMENTATIONS = YES;
				CLANG_WARN_DIRECT_OBJC_ISA_USAGE = YES_ERROR;
				CLANG_WARN_DOCUMENTATION_COMMENTS = YES;
				CLANG_WARN_EMPTY_BODY = YES;
				CLANG_WARN_ENUM_CONVERSION = YES;
				CLANG_WARN_INFINITE_RECURSION = YES;
				CLANG_WARN_INT_CONVERSION = YES;
				CLANG_WARN_NON_LITERAL_NULL_CONVERSION = YES;
				CLANG_WARN_OBJC_IMPLICIT_RETAIN_SELF = YES;
				CLANG_WARN_OBJC_LITERAL_CONVERSION = YES;
				CLANG_WARN_OBJC_ROOT_CLASS = YES_ERROR;
				CLANG_WARN_QUOTED_INCLUDE_IN_FRAMEWORK_HEADER = YES;
				CLANG_WARN_RANGE_LOOP_ANALYSIS = YES;
				CLANG_WARN_STRICT_PROTOTYPES = YES;
				CLANG_WARN_SUSPICIOUS_MOVE = YES;
				CLANG_WARN_UNGUARDED_AVAILABILITY = YES_AGGRESSIVE;
				CLANG_WARN_UNREACHABLE_CODE = YES;
				CLANG_WARN__DUPLICATE_METHOD_MATCH = YES;
				COPY_PHASE_STRIP = NO;
				DEBUG_INFORMATION_FORMAT = dwarf;
				ENABLE_STRICT_OBJC_MSGSEND = YES;
				ENABLE_TESTABILITY = YES;
				GCC_C_LANGUAGE_STANDARD = gnu11;
				GCC_DYNAMIC_NO_PIC = NO;
				GCC_NO_COMMON_BLOCKS = YES;
				GCC_OPTIMIZATION_LEVEL = 0;
				GCC_PREPROCESSOR_DEFINITIONS = (
					"DEBUG=1",
					"$(inherited)",
				);
				GCC_WARN_64_TO_32_BIT_CONVERSION = YES;
				GCC_WARN_ABOUT_RETURN_TYPE = YES_ERROR;
				GCC_WARN_UNDECLARED_SELECTOR = YES;
				GCC_WARN_UNINITIALIZED_AUTOS = YES_AGGRESSIVE;
				GCC_WARN_UNUSED_FUNCTION = YES;
				GCC_WARN_UNUSED_VARIABLE = YES;
				IPHONEOS_DEPLOYMENT_TARGET = 14.0;
				MTL_ENABLE_DEBUG_INFO = INCLUDE_SOURCE;
				MTL_FAST_MATH = YES;
				ONLY_ACTIVE_ARCH = YES;
				SDKROOT = iphoneos;
				SWIFT_ACTIVE_COMPILATION_CONDITIONS = DEBUG;
				SWIFT_OPTIMIZATION_LEVEL = "-Onone";
			};
			name = Debug;
		};
		A0A3154424BB9138003CE231 /* Release */ = {
			isa = XCBuildConfiguration;
			buildSettings = {
				ALWAYS_SEARCH_USER_PATHS = NO;
				CLANG_ANALYZER_NONNULL = YES;
				CLANG_ANALYZER_NUMBER_OBJECT_CONVERSION = YES_AGGRESSIVE;
				CLANG_CXX_LANGUAGE_STANDARD = "gnu++14";
				CLANG_CXX_LIBRARY = "libc++";
				CLANG_ENABLE_MODULES = YES;
				CLANG_ENABLE_OBJC_ARC = YES;
				CLANG_ENABLE_OBJC_WEAK = YES;
				CLANG_WARN_BLOCK_CAPTURE_AUTORELEASING = YES;
				CLANG_WARN_BOOL_CONVERSION = YES;
				CLANG_WARN_COMMA = YES;
				CLANG_WARN_CONSTANT_CONVERSION = YES;
				CLANG_WARN_DEPRECATED_OBJC_IMPLEMENTATIONS = YES;
				CLANG_WARN_DIRECT_OBJC_ISA_USAGE = YES_ERROR;
				CLANG_WARN_DOCUMENTATION_COMMENTS = YES;
				CLANG_WARN_EMPTY_BODY = YES;
				CLANG_WARN_ENUM_CONVERSION = YES;
				CLANG_WARN_INFINITE_RECURSION = YES;
				CLANG_WARN_INT_CONVERSION = YES;
				CLANG_WARN_NON_LITERAL_NULL_CONVERSION = YES;
				CLANG_WARN_OBJC_IMPLICIT_RETAIN_SELF = YES;
				CLANG_WARN_OBJC_LITERAL_CONVERSION = YES;
				CLANG_WARN_OBJC_ROOT_CLASS = YES_ERROR;
				CLANG_WARN_QUOTED_INCLUDE_IN_FRAMEWORK_HEADER = YES;
				CLANG_WARN_RANGE_LOOP_ANALYSIS = YES;
				CLANG_WARN_STRICT_PROTOTYPES = YES;
				CLANG_WARN_SUSPICIOUS_MOVE = YES;
				CLANG_WARN_UNGUARDED_AVAILABILITY = YES_AGGRESSIVE;
				CLANG_WARN_UNREACHABLE_CODE = YES;
				CLANG_WARN__DUPLICATE_METHOD_MATCH = YES;
				COPY_PHASE_STRIP = NO;
				DEBUG_INFORMATION_FORMAT = "dwarf-with-dsym";
				ENABLE_NS_ASSERTIONS = NO;
				ENABLE_STRICT_OBJC_MSGSEND = YES;
				GCC_C_LANGUAGE_STANDARD = gnu11;
				GCC_NO_COMMON_BLOCKS = YES;
				GCC_WARN_64_TO_32_BIT_CONVERSION = YES;
				GCC_WARN_ABOUT_RETURN_TYPE = YES_ERROR;
				GCC_WARN_UNDECLARED_SELECTOR = YES;
				GCC_WARN_UNINITIALIZED_AUTOS = YES_AGGRESSIVE;
				GCC_WARN_UNUSED_FUNCTION = YES;
				GCC_WARN_UNUSED_VARIABLE = YES;
				IPHONEOS_DEPLOYMENT_TARGET = 14.0;
				MTL_ENABLE_DEBUG_INFO = NO;
				MTL_FAST_MATH = YES;
				SDKROOT = iphoneos;
				SWIFT_COMPILATION_MODE = wholemodule;
				SWIFT_OPTIMIZATION_LEVEL = "-O";
				VALIDATE_PRODUCT = YES;
			};
			name = Release;
		};
		A0A3154624BB9138003CE231 /* Debug */ = {
			isa = XCBuildConfiguration;
			buildSettings = {
				ASSETCATALOG_COMPILER_APPICON_NAME = AppIcon;
				ASSETCATALOG_COMPILER_GLOBAL_ACCENT_COLOR_NAME = AccentColor;
				CODE_SIGN_STYLE = Automatic;
				DEVELOPMENT_ASSET_PATHS = "\"AniList/Preview Content\"";
				DEVELOPMENT_TEAM = SGJZQ53648;
				ENABLE_PREVIEWS = YES;
				INFOPLIST_FILE = AniList/Info.plist;
				IPHONEOS_DEPLOYMENT_TARGET = 14.0;
				LD_RUNPATH_SEARCH_PATHS = (
					"$(inherited)",
					"@executable_path/Frameworks",
				);
				PRODUCT_BUNDLE_IDENTIFIER = me.kirtanpatel.AniList;
				PRODUCT_NAME = "$(TARGET_NAME)";
				SWIFT_VERSION = 5.0;
				TARGETED_DEVICE_FAMILY = "1,2";
			};
			name = Debug;
		};
		A0A3154724BB9138003CE231 /* Release */ = {
			isa = XCBuildConfiguration;
			buildSettings = {
				ASSETCATALOG_COMPILER_APPICON_NAME = AppIcon;
				ASSETCATALOG_COMPILER_GLOBAL_ACCENT_COLOR_NAME = AccentColor;
				CODE_SIGN_STYLE = Automatic;
				DEVELOPMENT_ASSET_PATHS = "\"AniList/Preview Content\"";
				DEVELOPMENT_TEAM = SGJZQ53648;
				ENABLE_PREVIEWS = YES;
				INFOPLIST_FILE = AniList/Info.plist;
				IPHONEOS_DEPLOYMENT_TARGET = 14.0;
				LD_RUNPATH_SEARCH_PATHS = (
					"$(inherited)",
					"@executable_path/Frameworks",
				);
				PRODUCT_BUNDLE_IDENTIFIER = me.kirtanpatel.AniList;
				PRODUCT_NAME = "$(TARGET_NAME)";
				SWIFT_VERSION = 5.0;
				TARGETED_DEVICE_FAMILY = "1,2";
			};
			name = Release;
		};
/* End XCBuildConfiguration section */

/* Begin XCConfigurationList section */
		A0A3153124BB9136003CE231 /* Build configuration list for PBXProject "AniList" */ = {
			isa = XCConfigurationList;
			buildConfigurations = (
				A0A3154324BB9138003CE231 /* Debug */,
				A0A3154424BB9138003CE231 /* Release */,
			);
			defaultConfigurationIsVisible = 0;
			defaultConfigurationName = Release;
		};
		A0A3154524BB9138003CE231 /* Build configuration list for PBXNativeTarget "AniList" */ = {
			isa = XCConfigurationList;
			buildConfigurations = (
				A0A3154624BB9138003CE231 /* Debug */,
				A0A3154724BB9138003CE231 /* Release */,
			);
			defaultConfigurationIsVisible = 0;
			defaultConfigurationName = Release;
		};
/* End XCConfigurationList section */

/* Begin XCRemoteSwiftPackageReference section */
		A0A3154824BB92F7003CE231 /* XCRemoteSwiftPackageReference "apollo-ios" */ = {
			isa = XCRemoteSwiftPackageReference;
			repositoryURL = "https://github.com/apollographql/apollo-ios.git";
			requirement = {
				kind = upToNextMinorVersion;
				minimumVersion = 0.29.1;
			};
		};
/* End XCRemoteSwiftPackageReference section */

/* Begin XCSwiftPackageProductDependency section */
		A0A3154924BB92F7003CE231 /* ApolloCodegenLib */ = {
			isa = XCSwiftPackageProductDependency;
			package = A0A3154824BB92F7003CE231 /* XCRemoteSwiftPackageReference "apollo-ios" */;
			productName = ApolloCodegenLib;
		};
		A0A3154B24BB92F7003CE231 /* ApolloWebSocket */ = {
			isa = XCSwiftPackageProductDependency;
			package = A0A3154824BB92F7003CE231 /* XCRemoteSwiftPackageReference "apollo-ios" */;
			productName = ApolloWebSocket;
		};
		A0A3154D24BB92F7003CE231 /* Apollo */ = {
			isa = XCSwiftPackageProductDependency;
			package = A0A3154824BB92F7003CE231 /* XCRemoteSwiftPackageReference "apollo-ios" */;
			productName = Apollo;
		};
		A0A3154F24BB92F7003CE231 /* ApolloCore */ = {
			isa = XCSwiftPackageProductDependency;
			package = A0A3154824BB92F7003CE231 /* XCRemoteSwiftPackageReference "apollo-ios" */;
			productName = ApolloCore;
		};
/* End XCSwiftPackageProductDependency section */
	};
	rootObject = A0A3152E24BB9136003CE231 /* Project object */;
}
